
Microsoft Visual Studio Solution File, Format Version 12.00
# Visual Studio Version 16
VisualStudioVersion = 16.0.30413.136
MinimumVisualStudioVersion = 10.0.40219.1
Project("{9A19103F-16F7-4668-BE54-9A1E7A4F7556}") = "WEB_VOITESHONOK_953501", "WEB_VOITESHONOK_953501\WEB_VOITESHONOK_953501.csproj", "{3EC9D229-A9ED-4066-9A90-4DB61460A950}"
EndProject
Project("{9A19103F-16F7-4668-BE54-9A1E7A4F7556}") = "WEB_VOITESHONOK_953501.Blazor.Server", "WEB_VOITESHONOK_953501.Blazor\Server\WEB_VOITESHONOK_953501.Blazor.Server.csproj", "{05B359E8-AFDB-42A8-B02A-18AFFFC46FD6}"
EndProject
Project("{9A19103F-16F7-4668-BE54-9A1E7A4F7556}") = "WEB_VOITESHONOK_953501.Blazor.Client", "WEB_VOITESHONOK_953501.Blazor\Client\WEB_VOITESHONOK_953501.Blazor.Client.csproj", "{3DE0354B-A7A5-4CDA-BBE2-264C3F99B325}"
EndProject
Project("{9A19103F-16F7-4668-BE54-9A1E7A4F7556}") = "WEB_VOITESHONOK_953501.Blazor.Shared", "WEB_VOITESHONOK_953501.Blazor\Shared\WEB_VOITESHONOK_953501.Blazor.Shared.csproj", "{7BE194A4-4BB5-4130-A547-94E3786EAA24}"
EndProject
Global
	GlobalSection(SolutionConfigurationPlatforms) = preSolution
		Debug|Any CPU = Debug|Any CPU
		Release|Any CPU = Release|Any CPU
	EndGlobalSection
	GlobalSection(ProjectConfigurationPlatforms) = postSolution
		{3EC9D229-A9ED-4066-9A90-4DB61460A950}.Debug|Any CPU.ActiveCfg = Debug|Any CPU
		{3EC9D229-A9ED-4066-9A90-4DB61460A950}.Debug|Any CPU.Build.0 = Debug|Any CPU
		{3EC9D229-A9ED-4066-9A90-4DB61460A950}.Release|Any CPU.ActiveCfg = Release|Any CPU
		{3EC9D229-A9ED-4066-9A90-4DB61460A950}.Release|Any CPU.Build.0 = Release|Any CPU
		{05B359E8-AFDB-42A8-B02A-18AFFFC46FD6}.Debug|Any CPU.ActiveCfg = Debug|Any CPU
		{05B359E8-AFDB-42A8-B02A-18AFFFC46FD6}.Debug|Any CPU.Build.0 = Debug|Any CPU
		{05B359E8-AFDB-42A8-B02A-18AFFFC46FD6}.Release|Any CPU.ActiveCfg = Release|Any CPU
		{05B359E8-AFDB-42A8-B02A-18AFFFC46FD6}.Release|Any CPU.Build.0 = Release|Any CPU
		{3DE0354B-A7A5-4CDA-BBE2-264C3F99B325}.Debug|Any CPU.ActiveCfg = Debug|Any CPU
		{3DE0354B-A7A5-4CDA-BBE2-264C3F99B325}.Debug|Any CPU.Build.0 = Debug|Any CPU
		{3DE0354B-A7A5-4CDA-BBE2-264C3F99B325}.Release|Any CPU.ActiveCfg = Release|Any CPU
		{3DE0354B-A7A5-4CDA-BBE2-264C3F99B325}.Release|Any CPU.Build.0 = Release|Any CPU
		{7BE194A4-4BB5-4130-A547-94E3786EAA24}.Debug|Any CPU.ActiveCfg = Debug|Any CPU
		{7BE194A4-4BB5-4130-A547-94E3786EAA24}.Debug|Any CPU.Build.0 = Debug|Any CPU
		{7BE194A4-4BB5-4130-A547-94E3786EAA24}.Release|Any CPU.ActiveCfg = Release|Any CPU
		{7BE194A4-4BB5-4130-A547-94E3786EAA24}.Release|Any CPU.Build.0 = Release|Any CPU
	EndGlobalSection
	GlobalSection(SolutionProperties) = preSolution
		HideSolutionNode = FALSE
	EndGlobalSection
	GlobalSection(ExtensibilityGlobals) = postSolution
		SolutionGuid = {7365E1A8-C6A9-4E37-B977-96E8444DC0E4}
	EndGlobalSection
EndGlobal
